// !$*UTF8*$!
{
	archiveVersion = 1;
	classes = {
	};
	objectVersion = 55;
	objects = {

/* Begin PBXBuildFile section */
		0A635989289C779D00E1B6DE /* Cardify.swift in Sources */ = {isa = PBXBuildFile; fileRef = 0A635988289C779D00E1B6DE /* Cardify.swift */; };
		0AB8F3C32892A9EE0011A408 /* Diamond.swift in Sources */ = {isa = PBXBuildFile; fileRef = 0AB8F3C22892A9EE0011A408 /* Diamond.swift */; };
		0AB8F3C72892AEC80011A408 /* Squiggle.swift in Sources */ = {isa = PBXBuildFile; fileRef = 0AB8F3C62892AEC80011A408 /* Squiggle.swift */; };
		0AB8F3C92892BD200011A408 /* Stripes.swift in Sources */ = {isa = PBXBuildFile; fileRef = 0AB8F3C82892BD200011A408 /* Stripes.swift */; };
		0AB8F3CB2892C0840011A408 /* Extensions.swift in Sources */ = {isa = PBXBuildFile; fileRef = 0AB8F3CA2892C0840011A408 /* Extensions.swift */; };
		0AB8F3D3289597BA0011A408 /* CardView.swift in Sources */ = {isa = PBXBuildFile; fileRef = 0AB8F3D2289597BA0011A408 /* CardView.swift */; };
		0AB8F3D82896AD010011A408 /* Grid.swift in Sources */ = {isa = PBXBuildFile; fileRef = 0AB8F3D72896AD010011A408 /* Grid.swift */; };
		0AB8F3DA2896AD170011A408 /* GridLayout.swift in Sources */ = {isa = PBXBuildFile; fileRef = 0AB8F3D92896AD170011A408 /* GridLayout.swift */; };
		0AE5B0282891C3A700C4497B /* SetGameApp.swift in Sources */ = {isa = PBXBuildFile; fileRef = 0AE5B0272891C3A700C4497B /* SetGameApp.swift */; };
		0AE5B02A2891C3A700C4497B /* SetGameView.swift in Sources */ = {isa = PBXBuildFile; fileRef = 0AE5B0292891C3A700C4497B /* SetGameView.swift */; };
		0AE5B02C2891C3A900C4497B /* Assets.xcassets in Resources */ = {isa = PBXBuildFile; fileRef = 0AE5B02B2891C3A900C4497B /* Assets.xcassets */; };
		0AE5B02F2891C3A900C4497B /* Preview Assets.xcassets in Resources */ = {isa = PBXBuildFile; fileRef = 0AE5B02E2891C3A900C4497B /* Preview Assets.xcassets */; };
		0AE5B03C2891D2C000C4497B /* Content.swift in Sources */ = {isa = PBXBuildFile; fileRef = 0AE5B03B2891D2C000C4497B /* Content.swift */; };
		0AE5B03E2891D62400C4497B /* SetGame.swift in Sources */ = {isa = PBXBuildFile; fileRef = 0AE5B03D2891D62400C4497B /* SetGame.swift */; };
		0AE5B0402891D85D00C4497B /* Game.swift in Sources */ = {isa = PBXBuildFile; fileRef = 0AE5B03F2891D85D00C4497B /* Game.swift */; };
		0AE5B0442891DD6500C4497B /* SymbolView.swift in Sources */ = {isa = PBXBuildFile; fileRef = 0AE5B0432891DD6500C4497B /* SymbolView.swift */; };
/* End PBXBuildFile section */

/* Begin PBXFileReference section */
		0A635988289C779D00E1B6DE /* Cardify.swift */ = {isa = PBXFileReference; lastKnownFileType = sourcecode.swift; path = Cardify.swift; sourceTree = "<group>"; };
		0AB8F3C22892A9EE0011A408 /* Diamond.swift */ = {isa = PBXFileReference; lastKnownFileType = sourcecode.swift; path = Diamond.swift; sourceTree = "<group>"; };
		0AB8F3C62892AEC80011A408 /* Squiggle.swift */ = {isa = PBXFileReference; lastKnownFileType = sourcecode.swift; path = Squiggle.swift; sourceTree = "<group>"; };
		0AB8F3C82892BD200011A408 /* Stripes.swift */ = {isa = PBXFileReference; lastKnownFileType = sourcecode.swift; path = Stripes.swift; sourceTree = "<group>"; };
		0AB8F3CA2892C0840011A408 /* Extensions.swift */ = {isa = PBXFileReference; lastKnownFileType = sourcecode.swift; path = Extensions.swift; sourceTree = "<group>"; };
		0AB8F3D2289597BA0011A408 /* CardView.swift */ = {isa = PBXFileReference; lastKnownFileType = sourcecode.swift; path = CardView.swift; sourceTree = "<group>"; };
		0AB8F3D72896AD010011A408 /* Grid.swift */ = {isa = PBXFileReference; lastKnownFileType = sourcecode.swift; path = Grid.swift; sourceTree = "<group>"; };
		0AB8F3D92896AD170011A408 /* GridLayout.swift */ = {isa = PBXFileReference; lastKnownFileType = sourcecode.swift; path = GridLayout.swift; sourceTree = "<group>"; };
		0AE5B0242891C3A700C4497B /* SetGame.app */ = {isa = PBXFileReference; explicitFileType = wrapper.application; includeInIndex = 0; path = SetGame.app; sourceTree = BUILT_PRODUCTS_DIR; };
		0AE5B0272891C3A700C4497B /* SetGameApp.swift */ = {isa = PBXFileReference; lastKnownFileType = sourcecode.swift; path = SetGameApp.swift; sourceTree = "<group>"; };
		0AE5B0292891C3A700C4497B /* SetGameView.swift */ = {isa = PBXFileReference; lastKnownFileType = sourcecode.swift; path = SetGameView.swift; sourceTree = "<group>"; };
		0AE5B02B2891C3A900C4497B /* Assets.xcassets */ = {isa = PBXFileReference; lastKnownFileType = folder.assetcatalog; path = Assets.xcassets; sourceTree = "<group>"; };
		0AE5B02E2891C3A900C4497B /* Preview Assets.xcassets */ = {isa = PBXFileReference; lastKnownFileType = folder.assetcatalog; path = "Preview Assets.xcassets"; sourceTree = "<group>"; };
		0AE5B03B2891D2C000C4497B /* Content.swift */ = {isa = PBXFileReference; lastKnownFileType = sourcecode.swift; path = Content.swift; sourceTree = "<group>"; };
		0AE5B03D2891D62400C4497B /* SetGame.swift */ = {isa = PBXFileReference; lastKnownFileType = sourcecode.swift; path = SetGame.swift; sourceTree = "<group>"; };
		0AE5B03F2891D85D00C4497B /* Game.swift */ = {isa = PBXFileReference; lastKnownFileType = sourcecode.swift; path = Game.swift; sourceTree = "<group>"; };
		0AE5B0432891DD6500C4497B /* SymbolView.swift */ = {isa = PBXFileReference; lastKnownFileType = sourcecode.swift; path = SymbolView.swift; sourceTree = "<group>"; };
/* End PBXFileReference section */

/* Begin PBXFrameworksBuildPhase section */
		0AE5B0212891C3A700C4497B /* Frameworks */ = {
			isa = PBXFrameworksBuildPhase;
			buildActionMask = 2147483647;
			files = (
			);
			runOnlyForDeploymentPostprocessing = 0;
		};
/* End PBXFrameworksBuildPhase section */

/* Begin PBXGroup section */
		0AB8F3D4289597CF0011A408 /* Card */ = {
			isa = PBXGroup;
			children = (
				0A635988289C779D00E1B6DE /* Cardify.swift */,
				0AE5B0432891DD6500C4497B /* SymbolView.swift */,
				0AB8F3D2289597BA0011A408 /* CardView.swift */,
			);
			path = Card;
			sourceTree = "<group>";
		};
		0AB8F3D6289598020011A408 /* Extensions */ = {
			isa = PBXGroup;
			children = (
				0AB8F3CA2892C0840011A408 /* Extensions.swift */,
				0AB8F3D72896AD010011A408 /* Grid.swift */,
				0AB8F3D92896AD170011A408 /* GridLayout.swift */,
			);
			path = Extensions;
			sourceTree = "<group>";
		};
		0AE5B01B2891C3A700C4497B = {
			isa = PBXGroup;
			children = (
				0AE5B0262891C3A700C4497B /* SetGame */,
				0AE5B0252891C3A700C4497B /* Products */,
			);
			sourceTree = "<group>";
		};
		0AE5B0252891C3A700C4497B /* Products */ = {
			isa = PBXGroup;
			children = (
				0AE5B0242891C3A700C4497B /* SetGame.app */,
			);
			name = Products;
			sourceTree = "<group>";
		};
		0AE5B0262891C3A700C4497B /* SetGame */ = {
			isa = PBXGroup;
			children = (
				0AB8F3D6289598020011A408 /* Extensions */,
				0AE5B0382891D09C00C4497B /* ViewModel */,
				0AE5B0372891D09100C4497B /* Model */,
				0AE5B0352891D06E00C4497B /* Views */,
				0AE5B0272891C3A700C4497B /* SetGameApp.swift */,
				0AE5B02B2891C3A900C4497B /* Assets.xcassets */,
				0AE5B02D2891C3A900C4497B /* Preview Content */,
			);
			path = SetGame;
			sourceTree = "<group>";
		};
		0AE5B02D2891C3A900C4497B /* Preview Content */ = {
			isa = PBXGroup;
			children = (
				0AE5B02E2891C3A900C4497B /* Preview Assets.xcassets */,
			);
			path = "Preview Content";
			sourceTree = "<group>";
		};
		0AE5B0352891D06E00C4497B /* Views */ = {
			isa = PBXGroup;
			children = (
				0AB8F3D4289597CF0011A408 /* Card */,
				0AE5B0452892A9A500C4497B /* Shapes */,
				0AE5B0292891C3A700C4497B /* SetGameView.swift */,
			);
			path = Views;
			sourceTree = "<group>";
		};
		0AE5B0372891D09100C4497B /* Model */ = {
			isa = PBXGroup;
			children = (
				0AE5B03B2891D2C000C4497B /* Content.swift */,
				0AE5B03D2891D62400C4497B /* SetGame.swift */,
			);
			path = Model;
			sourceTree = "<group>";
		};
		0AE5B0382891D09C00C4497B /* ViewModel */ = {
			isa = PBXGroup;
			children = (
				0AE5B03F2891D85D00C4497B /* Game.swift */,
			);
			path = ViewModel;
			sourceTree = "<group>";
		};
		0AE5B0452892A9A500C4497B /* Shapes */ = {
			isa = PBXGroup;
			children = (
				0AB8F3C22892A9EE0011A408 /* Diamond.swift */,
				0AB8F3C62892AEC80011A408 /* Squiggle.swift */,
				0AB8F3C82892BD200011A408 /* Stripes.swift */,
			);
			path = Shapes;
			sourceTree = "<group>";
		};
/* End PBXGroup section */

/* Begin PBXNativeTarget section */
		0AE5B0232891C3A700C4497B /* SetGame */ = {
			isa = PBXNativeTarget;
			buildConfigurationList = 0AE5B0322891C3A900C4497B /* Build configuration list for PBXNativeTarget "SetGame" */;
			buildPhases = (
				0AE5B0202891C3A700C4497B /* Sources */,
				0AE5B0212891C3A700C4497B /* Frameworks */,
				0AE5B0222891C3A700C4497B /* Resources */,
			);
			buildRules = (
			);
			dependencies = (
			);
			name = SetGame;
			productName = SetGame;
			productReference = 0AE5B0242891C3A700C4497B /* SetGame.app */;
			productType = "com.apple.product-type.application";
		};
/* End PBXNativeTarget section */

/* Begin PBXProject section */
		0AE5B01C2891C3A700C4497B /* Project object */ = {
			isa = PBXProject;
			attributes = {
				BuildIndependentTargetsInParallel = 1;
				LastSwiftUpdateCheck = 1340;
				LastUpgradeCheck = 1340;
				TargetAttributes = {
					0AE5B0232891C3A700C4497B = {
						CreatedOnToolsVersion = 13.4.1;
					};
				};
			};
			buildConfigurationList = 0AE5B01F2891C3A700C4497B /* Build configuration list for PBXProject "SetGame" */;
			compatibilityVersion = "Xcode 13.0";
			developmentRegion = en;
			hasScannedForEncodings = 0;
			knownRegions = (
				en,
				Base,
			);
			mainGroup = 0AE5B01B2891C3A700C4497B;
			productRefGroup = 0AE5B0252891C3A700C4497B /* Products */;
			projectDirPath = "";
			projectRoot = "";
			targets = (
				0AE5B0232891C3A700C4497B /* SetGame */,
			);
		};
/* End PBXProject section */

/* Begin PBXResourcesBuildPhase section */
		0AE5B0222891C3A700C4497B /* Resources */ = {
			isa = PBXResourcesBuildPhase;
			buildActionMask = 2147483647;
			files = (
				0AE5B02F2891C3A900C4497B /* Preview Assets.xcassets in Resources */,
				0AE5B02C2891C3A900C4497B /* Assets.xcassets in Resources */,
			);
			runOnlyForDeploymentPostprocessing = 0;
		};
/* End PBXResourcesBuildPhase section */

/* Begin PBXSourcesBuildPhase section */
		0AE5B0202891C3A700C4497B /* Sources */ = {
			isa = PBXSourcesBuildPhase;
			buildActionMask = 2147483647;
			files = (
				0AB8F3C72892AEC80011A408 /* Squiggle.swift in Sources */,
				0AE5B0442891DD6500C4497B /* SymbolView.swift in Sources */,
				0AB8F3C92892BD200011A408 /* Stripes.swift in Sources */,
				0AE5B02A2891C3A700C4497B /* SetGameView.swift in Sources */,
				0AE5B0402891D85D00C4497B /* Game.swift in Sources */,
				0AB8F3CB2892C0840011A408 /* Extensions.swift in Sources */,
				0AB8F3DA2896AD170011A408 /* GridLayout.swift in Sources */,
				0AB8F3C32892A9EE0011A408 /* Diamond.swift in Sources */,
				0A635989289C779D00E1B6DE /* Cardify.swift in Sources */,
				0AE5B03E2891D62400C4497B /* SetGame.swift in Sources */,
				0AE5B0282891C3A700C4497B /* SetGameApp.swift in Sources */,
				0AB8F3D3289597BA0011A408 /* CardView.swift in Sources */,
				0AE5B03C2891D2C000C4497B /* Content.swift in Sources */,
				0AB8F3D82896AD010011A408 /* Grid.swift in Sources */,
			);
			runOnlyForDeploymentPostprocessing = 0;
		};
/* End PBXSourcesBuildPhase section */

/* Begin XCBuildConfiguration section */
		0AE5B0302891C3A900C4497B /* Debug */ = {
			isa = XCBuildConfiguration;
			buildSettings = {
				ALWAYS_SEARCH_USER_PATHS = NO;
				CLANG_ANALYZER_NONNULL = YES;
				CLANG_ANALYZER_NUMBER_OBJECT_CONVERSION = YES_AGGRESSIVE;
				CLANG_CXX_LANGUAGE_STANDARD = "gnu++17";
				CLANG_ENABLE_MODULES = YES;
				CLANG_ENABLE_OBJC_ARC = YES;
				CLANG_ENABLE_OBJC_WEAK = YES;
				CLANG_WARN_BLOCK_CAPTURE_AUTORELEASING = YES;
				CLANG_WARN_BOOL_CONVERSION = YES;
				CLANG_WARN_COMMA = YES;
				CLANG_WARN_CONSTANT_CONVERSION = YES;
				CLANG_WARN_DEPRECATED_OBJC_IMPLEMENTATIONS = YES;
				CLANG_WARN_DIRECT_OBJC_ISA_USAGE = YES_ERROR;
				CLANG_WARN_DOCUMENTATION_COMMENTS = YES;
				CLANG_WARN_EMPTY_BODY = YES;
				CLANG_WARN_ENUM_CONVERSION = YES;
				CLANG_WARN_INFINITE_RECURSION = YES;
				CLANG_WARN_INT_CONVERSION = YES;
				CLANG_WARN_NON_LITERAL_NULL_CONVERSION = YES;
				CLANG_WARN_OBJC_IMPLICIT_RETAIN_SELF = YES;
				CLANG_WARN_OBJC_LITERAL_CONVERSION = YES;
				CLANG_WARN_OBJC_ROOT_CLASS = YES_ERROR;
				CLANG_WARN_QUOTED_INCLUDE_IN_FRAMEWORK_HEADER = YES;
				CLANG_WARN_RANGE_LOOP_ANALYSIS = YES;
				CLANG_WARN_STRICT_PROTOTYPES = YES;
				CLANG_WARN_SUSPICIOUS_MOVE = YES;
				CLANG_WARN_UNGUARDED_AVAILABILITY = YES_AGGRESSIVE;
				CLANG_WARN_UNREACHABLE_CODE = YES;
				CLANG_WARN__DUPLICATE_METHOD_MATCH = YES;
				COPY_PHASE_STRIP = NO;
				DEBUG_INFORMATION_FORMAT = dwarf;
				ENABLE_STRICT_OBJC_MSGSEND = YES;
				ENABLE_TESTABILITY = YES;
				GCC_C_LANGUAGE_STANDARD = gnu11;
				GCC_DYNAMIC_NO_PIC = NO;
				GCC_NO_COMMON_BLOCKS = YES;
				GCC_OPTIMIZATION_LEVEL = 0;
				GCC_PREPROCESSOR_DEFINITIONS = (
					"DEBUG=1",
					"$(inherited)",
				);
				GCC_WARN_64_TO_32_BIT_CONVERSION = YES;
				GCC_WARN_ABOUT_RETURN_TYPE = YES_ERROR;
				GCC_WARN_UNDECLARED_SELECTOR = YES;
				GCC_WARN_UNINITIALIZED_AUTOS = YES_AGGRESSIVE;
				GCC_WARN_UNUSED_FUNCTION = YES;
				GCC_WARN_UNUSED_VARIABLE = YES;
				IPHONEOS_DEPLOYMENT_TARGET = 15.5;
				MTL_ENABLE_DEBUG_INFO = INCLUDE_SOURCE;
				MTL_FAST_MATH = YES;
				ONLY_ACTIVE_ARCH = YES;
				SDKROOT = iphoneos;
				SWIFT_ACTIVE_COMPILATION_CONDITIONS = DEBUG;
				SWIFT_OPTIMIZATION_LEVEL = "-Onone";
			};
			name = Debug;
		};
		0AE5B0312891C3A900C4497B /* Release */ = {
			isa = XCBuildConfiguration;
			buildSettings = {
				ALWAYS_SEARCH_USER_PATHS = NO;
				CLANG_ANALYZER_NONNULL = YES;
				CLANG_ANALYZER_NUMBER_OBJECT_CONVERSION = YES_AGGRESSIVE;
				CLANG_CXX_LANGUAGE_STANDARD = "gnu++17";
				CLANG_ENABLE_MODULES = YES;
				CLANG_ENABLE_OBJC_ARC = YES;
				CLANG_ENABLE_OBJC_WEAK = YES;
				CLANG_WARN_BLOCK_CAPTURE_AUTORELEASING = YES;
				CLANG_WARN_BOOL_CONVERSION = YES;
				CLANG_WARN_COMMA = YES;
				CLANG_WARN_CONSTANT_CONVERSION = YES;
				CLANG_WARN_DEPRECATED_OBJC_IMPLEMENTATIONS = YES;
				CLANG_WARN_DIRECT_OBJC_ISA_USAGE = YES_ERROR;
				CLANG_WARN_DOCUMENTATION_COMMENTS = YES;
				CLANG_WARN_EMPTY_BODY = YES;
				CLANG_WARN_ENUM_CONVERSION = YES;
				CLANG_WARN_INFINITE_RECURSION = YES;
				CLANG_WARN_INT_CONVERSION = YES;
				CLANG_WARN_NON_LITERAL_NULL_CONVERSION = YES;
				CLANG_WARN_OBJC_IMPLICIT_RETAIN_SELF = YES;
				CLANG_WARN_OBJC_LITERAL_CONVERSION = YES;
				CLANG_WARN_OBJC_ROOT_CLASS = YES_ERROR;
				CLANG_WARN_QUOTED_INCLUDE_IN_FRAMEWORK_HEADER = YES;
				CLANG_WARN_RANGE_LOOP_ANALYSIS = YES;
				CLANG_WARN_STRICT_PROTOTYPES = YES;
				CLANG_WARN_SUSPICIOUS_MOVE = YES;
				CLANG_WARN_UNGUARDED_AVAILABILITY = YES_AGGRESSIVE;
				CLANG_WARN_UNREACHABLE_CODE = YES;
				CLANG_WARN__DUPLICATE_METHOD_MATCH = YES;
				COPY_PHASE_STRIP = NO;
				DEBUG_INFORMATION_FORMAT = "dwarf-with-dsym";
				ENABLE_NS_ASSERTIONS = NO;
				ENABLE_STRICT_OBJC_MSGSEND = YES;
				GCC_C_LANGUAGE_STANDARD = gnu11;
				GCC_NO_COMMON_BLOCKS = YES;
				GCC_WARN_64_TO_32_BIT_CONVERSION = YES;
				GCC_WARN_ABOUT_RETURN_TYPE = YES_ERROR;
				GCC_WARN_UNDECLARED_SELECTOR = YES;
				GCC_WARN_UNINITIALIZED_AUTOS = YES_AGGRESSIVE;
				GCC_WARN_UNUSED_FUNCTION = YES;
				GCC_WARN_UNUSED_VARIABLE = YES;
				IPHONEOS_DEPLOYMENT_TARGET = 15.5;
				MTL_ENABLE_DEBUG_INFO = NO;
				MTL_FAST_MATH = YES;
				SDKROOT = iphoneos;
				SWIFT_COMPILATION_MODE = wholemodule;
				SWIFT_OPTIMIZATION_LEVEL = "-O";
				VALIDATE_PRODUCT = YES;
			};
			name = Release;
		};
		0AE5B0332891C3A900C4497B /* Debug */ = {
			isa = XCBuildConfiguration;
			buildSettings = {
				ASSETCATALOG_COMPILER_APPICON_NAME = AppIcon;
				ASSETCATALOG_COMPILER_GLOBAL_ACCENT_COLOR_NAME = AccentColor;
				CODE_SIGN_STYLE = Automatic;
				CURRENT_PROJECT_VERSION = 1;
				DEVELOPMENT_ASSET_PATHS = "\"SetGame/Preview Content\"";
				DEVELOPMENT_TEAM = 3FV5J94G7D;
				ENABLE_PREVIEWS = YES;
				GENERATE_INFOPLIST_FILE = YES;
				INFOPLIST_KEY_UIApplicationSceneManifest_Generation = YES;
				INFOPLIST_KEY_UIApplicationSupportsIndirectInputEvents = YES;
				INFOPLIST_KEY_UILaunchScreen_Generation = YES;
				INFOPLIST_KEY_UISupportedInterfaceOrientations_iPad = "UIInterfaceOrientationPortrait UIInterfaceOrientationPortraitUpsideDown UIInterfaceOrientationLandscapeLeft UIInterfaceOrientationLandscapeRight";
				INFOPLIST_KEY_UISupportedInterfaceOrientations_iPhone = "UIInterfaceOrientationPortrait UIInterfaceOrientationLandscapeLeft UIInterfaceOrientationLandscapeRight";
				LD_RUNPATH_SEARCH_PATHS = (
					"$(inherited)",
					"@executable_path/Frameworks",
				);
				MARKETING_VERSION = 1.0;
				PRODUCT_BUNDLE_IDENTIFIER = com.maxkup19.SetGame;
				PRODUCT_NAME = "$(TARGET_NAME)";
				SWIFT_EMIT_LOC_STRINGS = YES;
				SWIFT_VERSION = 5.0;
				TARGETED_DEVICE_FAMILY = "1,2";
			};
			name = Debug;
		};
		0AE5B0342891C3A900C4497B /* Release */ = {
			isa = XCBuildConfiguration;
			buildSettings = {
				ASSETCATALOG_COMPILER_APPICON_NAME = AppIcon;
				ASSETCATALOG_COMPILER_GLOBAL_ACCENT_COLOR_NAME = AccentColor;
				CODE_SIGN_STYLE = Automatic;
				CURRENT_PROJECT_VERSION = 1;
				DEVELOPMENT_ASSET_PATHS = "\"SetGame/Preview Content\"";
				DEVELOPMENT_TEAM = 3FV5J94G7D;
				ENABLE_PREVIEWS = YES;
				GENERATE_INFOPLIST_FILE = YES;
				INFOPLIST_KEY_UIApplicationSceneManifest_Generation = YES;
				INFOPLIST_KEY_UIApplicationSupportsIndirectInputEvents = YES;
				INFOPLIST_KEY_UILaunchScreen_Generation = YES;
				INFOPLIST_KEY_UISupportedInterfaceOrientations_iPad = "UIInterfaceOrientationPortrait UIInterfaceOrientationPortraitUpsideDown UIInterfaceOrientationLandscapeLeft UIInterfaceOrientationLandscapeRight";
				INFOPLIST_KEY_UISupportedInterfaceOrientations_iPhone = "UIInterfaceOrientationPortrait UIInterfaceOrientationLandscapeLeft UIInterfaceOrientationLandscapeRight";
				LD_RUNPATH_SEARCH_PATHS = (
					"$(inherited)",
					"@executable_path/Frameworks",
				);
				MARKETING_VERSION = 1.0;
				PRODUCT_BUNDLE_IDENTIFIER = com.maxkup19.SetGame;
				PRODUCT_NAME = "$(TARGET_NAME)";
				SWIFT_EMIT_LOC_STRINGS = YES;
				SWIFT_VERSION = 5.0;
				TARGETED_DEVICE_FAMILY = "1,2";
			};
			name = Release;
		};
/* End XCBuildConfiguration section */

/* Begin XCConfigurationList section */
		0AE5B01F2891C3A700C4497B /* Build configuration list for PBXProject "SetGame" */ = {
			isa = XCConfigurationList;
			buildConfigurations = (
				0AE5B0302891C3A900C4497B /* Debug */,
				0AE5B0312891C3A900C4497B /* Release */,
			);
			defaultConfigurationIsVisible = 0;
			defaultConfigurationName = Release;
		};
		0AE5B0322891C3A900C4497B /* Build configuration list for PBXNativeTarget "SetGame" */ = {
			isa = XCConfigurationList;
			buildConfigurations = (
				0AE5B0332891C3A900C4497B /* Debug */,
				0AE5B0342891C3A900C4497B /* Release */,
			);
			defaultConfigurationIsVisible = 0;
			defaultConfigurationName = Release;
		};
/* End XCConfigurationList section */
	};
	rootObject = 0AE5B01C2891C3A700C4497B /* Project object */;
}
